
Microsoft Visual Studio Solution File, Format Version 12.00
# Visual Studio 15
VisualStudioVersion = 15.0.28307.572
MinimumVisualStudioVersion = 10.0.40219.1
Project("{FAE04EC0-301F-11D3-BF4B-00C04F79EFBC}") = "PimpMyRevit", "PimpMyRevit\PimpMyRevit.csproj", "{AA2AD28E-5674-4CDB-8538-3F074A760EC8}"
EndProject
Global
	GlobalSection(SolutionConfigurationPlatforms) = preSolution
		Debug|Any CPU = Debug|Any CPU
		Release|Any CPU = Release|Any CPU
	EndGlobalSection
	GlobalSection(ProjectConfigurationPlatforms) = postSolution
		{AA2AD28E-5674-4CDB-8538-3F074A760EC8}.Debug|Any CPU.ActiveCfg = Debug|Any CPU
		{AA2AD28E-5674-4CDB-8538-3F074A760EC8}.Debug|Any CPU.Build.0 = Debug|Any CPU
		{AA2AD28E-5674-4CDB-8538-3F074A760EC8}.Release|Any CPU.ActiveCfg = Release|Any CPU
		{AA2AD28E-5674-4CDB-8538-3F074A760EC8}.Release|Any CPU.Build.0 = Release|Any CPU
	EndGlobalSection
	GlobalSection(SolutionProperties) = preSolution
		HideSolutionNode = FALSE
	EndGlobalSection
	GlobalSection(ExtensibilityGlobals) = postSolution
		SolutionGuid = {18F2AD32-979A-4DF5-9BDF-A7ECF0761F5B}
	EndGlobalSection
EndGlobal
